[[package]]
name = "asgiref"
version = "3.3.4"
description = "ASGI specs, helper code, and adapters"
category = "main"
optional = false
python-versions = ">=3.6"

[package.extras]
tests = ["pytest", "pytest-asyncio", "mypy (>=0.800)"]

[[package]]
name = "certifi"
version = "2020.12.5"
description = "Python package for providing Mozilla's CA Bundle."
category = "main"
optional = false
python-versions = "*"

[[package]]
name = "django"
version = "3.2.1"
description = "A high-level Python Web framework that encourages rapid development and clean, pragmatic design."
category = "main"
optional = false
python-versions = ">=3.6"

[package.dependencies]
asgiref = ">=3.3.2,<4"
pytz = "*"
sqlparse = ">=0.2.2"

[package.extras]
argon2 = ["argon2-cffi (>=19.1.0)"]
bcrypt = ["bcrypt"]

[[package]]
name = "elastic-apm"
version = "6.1.3"
description = "The official Python module for Elastic APM"
category = "main"
optional = false
python-versions = "<4,>=3.6"

[package.dependencies]
certifi = "*"
urllib3 = "*"

[package.extras]
aiohttp = ["aiohttp"]
flask = ["blinker"]
opentracing = ["opentracing (>=2.0.0)"]
starlette = ["starlette"]
tornado = ["tornado"]

[[package]]
name = "grpcio"
version = "1.38.0"
description = "HTTP/2-based RPC framework"
category = "main"
optional = false
python-versions = "*"

[package.dependencies]
six = ">=1.5.2"

[package.extras]
protobuf = ["grpcio-tools (>=1.38.0)"]

[[package]]
name = "protobuf"
version = "3.17.0"
description = "Protocol Buffers"
category = "main"
optional = false
python-versions = "*"

[package.dependencies]
six = ">=1.9"

[[package]]
name = "pytz"
version = "2021.1"
description = "World timezone definitions, modern and historical"
category = "main"
optional = false
python-versions = "*"

[[package]]
name = "six"
version = "1.16.0"
description = "Python 2 and 3 compatibility utilities"
category = "main"
optional = false
python-versions = ">=2.7, !=3.0.*, !=3.1.*, !=3.2.*"

[[package]]
name = "sqlparse"
version = "0.4.1"
description = "A non-validating SQL parser."
category = "main"
optional = false
python-versions = ">=3.5"

[[package]]
name = "urllib3"
version = "1.26.4"
description = "HTTP library with thread-safe connection pooling, file post, and more."
category = "main"
optional = false
python-versions = ">=2.7, !=3.0.*, !=3.1.*, !=3.2.*, !=3.3.*, !=3.4.*, <4"

[package.extras]
secure = ["pyOpenSSL (>=0.14)", "cryptography (>=1.3.4)", "idna (>=2.0.0)", "certifi", "ipaddress"]
socks = ["PySocks (>=1.5.6,!=1.5.7,<2.0)"]
brotli = ["brotlipy (>=0.6.0)"]

[metadata]
lock-version = "1.1"
python-versions = "^3.8"
content-hash = "9f1edb8badd301513cbb28d11efbb74f4d5738cb7e29dec17560a2b7d0628d5e"

[metadata.files]
asgiref = [
    {file = "asgiref-3.3.4-py3-none-any.whl", hash = "sha256:92906c611ce6c967347bbfea733f13d6313901d54dcca88195eaeb52b2a8e8ee"},
    {file = "asgiref-3.3.4.tar.gz", hash = "sha256:d1216dfbdfb63826470995d31caed36225dcaf34f182e0fa257a4dd9e86f1b78"},
]
certifi = [
    {file = "certifi-2020.12.5-py2.py3-none-any.whl", hash = "sha256:719a74fb9e33b9bd44cc7f3a8d94bc35e4049deebe19ba7d8e108280cfd59830"},
    {file = "certifi-2020.12.5.tar.gz", hash = "sha256:1a4995114262bffbc2413b159f2a1a480c969de6e6eb13ee966d470af86af59c"},
]
django = [
    {file = "Django-3.2.1-py3-none-any.whl", hash = "sha256:e2f73790c60188d3f94f08f644de249d956b3789161e7604509d128a13fb2fcc"},
    {file = "Django-3.2.1.tar.gz", hash = "sha256:95c13c750f1f214abadec92b82c2768a5e795e6c2ebd0b4126f895ce9efffcdd"},
]
elastic-apm = [
    {file = "elastic-apm-6.1.3.tar.gz", hash = "sha256:2af1dc7f5a2ce6ddd2b70da13c912e5a1c400bdf6ad8eaa195bb74fffd2b2dde"},
    {file = "elastic_apm-6.1.3-cp36-cp36m-manylinux1_i686.whl", hash = "sha256:23257fa0465206ae97673518d55b930c1d519c3dabb1477594645b2bb6251117"},
    {file = "elastic_apm-6.1.3-cp36-cp36m-manylinux1_x86_64.whl", hash = "sha256:d01f654292c9844076806f625aca14a3bdb8801173310859b02bdc248f138d44"},
    {file = "elastic_apm-6.1.3-cp36-cp36m-manylinux2010_i686.whl", hash = "sha256:5a4fdbbcc106f0655e7411b6b5d4fc15f85f3a2c9b6ba98eaac8a45762c7a81b"},
    {file = "elastic_apm-6.1.3-cp36-cp36m-manylinux2010_x86_64.whl", hash = "sha256:fa5812281da4165cc1b5e6ef2536edd2de0f136d210dcf43e59023c7c565b04e"},
    {file = "elastic_apm-6.1.3-cp37-cp37m-manylinux1_i686.whl", hash = "sha256:707a7b30821449d608c0e367da2a7e66ba7b8bb2a9191f5d6cc4e97c348cebda"},
    {file = "elastic_apm-6.1.3-cp37-cp37m-manylinux1_x86_64.whl", hash = "sha256:10bed1470cf75a3112069748b555edada258b0e82c08f14b49ff4dd4beabef75"},
    {file = "elastic_apm-6.1.3-cp37-cp37m-manylinux2010_i686.whl", hash = "sha256:d4701b891e94c009bb6fec4957e7bce44cd2e57878f635306b35acf719a47e50"},
    {file = "elastic_apm-6.1.3-cp37-cp37m-manylinux2010_x86_64.whl", hash = "sha256:90447dadfae8438fba3f317e1cfca335f6df592ba4ce4d47ee357c13dfb19487"},
    {file = "elastic_apm-6.1.3-cp38-cp38-manylinux1_i686.whl", hash = "sha256:97bd070ef34f55855c49e31a64fdee3204092d7ad2006fef72af1f0c3af66cfa"},
    {file = "elastic_apm-6.1.3-cp38-cp38-manylinux1_x86_64.whl", hash = "sha256:ac5b324ea2cf52cee8fb6ba5d2a8d150eea4835c6b5fb842b623cca6822eb11a"},
    {file = "elastic_apm-6.1.3-cp38-cp38-manylinux2010_i686.whl", hash = "sha256:512e7286c07b67732f9aa318280ee1183a0a0447e1475afd4770954fae929583"},
    {file = "elastic_apm-6.1.3-cp38-cp38-manylinux2010_x86_64.whl", hash = "sha256:63b764156835ef944f46dac52b4066e8637ea41cd1ab935595adf8ec649575a7"},
    {file = "elastic_apm-6.1.3-cp39-cp39-manylinux1_i686.whl", hash = "sha256:50d1cb70b27e7a6abc2bdd5032948e289a82fc5e735961a01c9941867404e35c"},
    {file = "elastic_apm-6.1.3-cp39-cp39-manylinux1_x86_64.whl", hash = "sha256:326a1763dec513dc86b89d50f67bf3c4c1d60a13eb0e0ee8c16d03297660d209"},
    {file = "elastic_apm-6.1.3-cp39-cp39-manylinux2010_i686.whl", hash = "sha256:89aec2f3128f8a55d6d22d06f1ce62400c31470f71fbda5eae7c2309120e1322"},
    {file = "elastic_apm-6.1.3-cp39-cp39-manylinux2010_x86_64.whl", hash = "sha256:01c397e77df4167d9deba42089a4b38c5dec33abfd5333a80b22ca7c485e4e9a"},
]
grpcio = [
    {file = "grpcio-1.38.0-cp27-cp27m-macosx_10_10_x86_64.whl", hash = "sha256:db01eaea57e7a1898c69271e35a84341cf8150cfdec5f0411eddcfb65b5f590e"},
    {file = "grpcio-1.38.0-cp27-cp27m-manylinux2010_i686.whl", hash = "sha256:f6f6d51c9efbfe56af9eb9eeb4881cad1b869e4c0e2a32c1d345897fd0979ee3"},
    {file = "grpcio-1.38.0-cp27-cp27m-manylinux2010_x86_64.whl", hash = "sha256:7466eef3b57b5ac8c7585251b26b917b093ab015750bf98aab4e0836c39e2a2b"},
    {file = "grpcio-1.38.0-cp27-cp27m-win32.whl", hash = "sha256:604da72df5bece8844a15990ce0b3f2f8c5243a1333d3dcc02371048bf6f9269"},
    {file = "grpcio-1.38.0-cp27-cp27m-win_amd64.whl", hash = "sha256:924552099365ea1dd32237dc161849452cd567d931efc57e8427260d8f0eacdb"},
    {file = "grpcio-1.38.0-cp27-cp27mu-manylinux2010_i686.whl", hash = "sha256:f19bd4b5bcf88ee059f478c4ab46a1607f09835587750294038fbd0120f1a9dc"},
    {file = "grpcio-1.38.0-cp27-cp27mu-manylinux2010_x86_64.whl", hash = "sha256:c47e85eae34af5d17d1c2007a1f0b13a0293d4b7a6d8c8ae23761d718293803e"},
    {file = "grpcio-1.38.0-cp35-cp35m-macosx_10_10_intel.whl", hash = "sha256:d631304e66c908d5d2d1a3cc9c02d372d2f8bed8c3632902d6f3f77d7ca34ac2"},
    {file = "grpcio-1.38.0-cp35-cp35m-manylinux2010_i686.whl", hash = "sha256:4a1dd16ccf76ddc18c1cde900049c04ed996e6c02e0588d88d06396c398e6023"},
    {file = "grpcio-1.38.0-cp35-cp35m-manylinux2010_x86_64.whl", hash = "sha256:32067791bd56a13614399f1994454afea9e2475019fcabc4abd3112f09892005"},
    {file = "grpcio-1.38.0-cp35-cp35m-manylinux2014_i686.whl", hash = "sha256:0247b045feb7b138754c91efcca9ea7f7d2cc9f0bd2cc73f6588c523f38873c3"},
    {file = "grpcio-1.38.0-cp35-cp35m-manylinux2014_x86_64.whl", hash = "sha256:07abf6b36c138bf247cef7ac0bad9f8ab1c8242f7c1302af23bb8e6877d08163"},
    {file = "grpcio-1.38.0-cp35-cp35m-win32.whl", hash = "sha256:2c26cb7566e8942542ff1aee71f10ed35e2f9ee95c2f27179b198af0727fbebb"},
    {file = "grpcio-1.38.0-cp35-cp35m-win_amd64.whl", hash = "sha256:e72dd202c982a5922c3b846976cae3b699e3fa8d2355d9d5bad119d066cf23ee"},
    {file = "grpcio-1.38.0-cp36-cp36m-linux_armv7l.whl", hash = "sha256:34fb08d46a70750bef6566c9556a16b98e08af6345a3bad6574477eb0b08c3dd"},
    {file = "grpcio-1.38.0-cp36-cp36m-macosx_10_10_x86_64.whl", hash = "sha256:1d157a2ac6632d31a3ff21f56bbe73420e1d7a21e4fe89d8c7ac792b79c1a589"},
    {file = "grpcio-1.38.0-cp36-cp36m-manylinux2010_i686.whl", hash = "sha256:3cacfee78310b5a89769b2fac20b8cd723470130f5b1ba0c960da8db39e74a97"},
    {file = "grpcio-1.38.0-cp36-cp36m-manylinux2010_x86_64.whl", hash = "sha256:e83ab148911e6c8ae4ec5e1334e6d800c6b84c432b92eb0ebf0808087117cb39"},
    {file = "grpcio-1.38.0-cp36-cp36m-manylinux2014_aarch64.whl", hash = "sha256:a836f21a1d08d28c8344e149b28729649ff4732c318a59a3628451bbd6c3c9ac"},
    {file = "grpcio-1.38.0-cp36-cp36m-manylinux2014_i686.whl", hash = "sha256:b4cd8fb4e3725e8852b1da734904edb3579c76660ae26a72283ac580779e5bf0"},
    {file = "grpcio-1.38.0-cp36-cp36m-manylinux2014_x86_64.whl", hash = "sha256:d3566acd87a65a0bc93875125a7064293ab2b6ffb9327333030939681d269f4f"},
    {file = "grpcio-1.38.0-cp36-cp36m-win32.whl", hash = "sha256:f2c4ff0e8c98418c5d55c28ba4ff954e3a5d3c723af5008e8d3ddeae8f0ecb41"},
    {file = "grpcio-1.38.0-cp36-cp36m-win_amd64.whl", hash = "sha256:9a2216df1be9fdbc3c1ebd3c5184d1ef4afb387c29224fce00346b9ddec7c7e3"},
    {file = "grpcio-1.38.0-cp37-cp37m-linux_armv7l.whl", hash = "sha256:9f1747b81d44daed0649ff10395b58c4f29b03139a628afeb058f3e942ba6893"},
    {file = "grpcio-1.38.0-cp37-cp37m-macosx_10_10_x86_64.whl", hash = "sha256:ac05434a7a7f444b2ddd109d72f87f4704364be159aea42a04bd6ea2ba6e10e4"},
    {file = "grpcio-1.38.0-cp37-cp37m-manylinux2010_i686.whl", hash = "sha256:a4789014f9d9e9ff29551314a004266b1ac90225c8a009dc87947aaf823fd83c"},
    {file = "grpcio-1.38.0-cp37-cp37m-manylinux2010_x86_64.whl", hash = "sha256:e3072b9ebb573fe1f6757a55b610e4975979d2d58247cbe18ff4385f5aaa81a5"},
    {file = "grpcio-1.38.0-cp37-cp37m-manylinux2014_aarch64.whl", hash = "sha256:7b74c48b2e41dd506f889a4a9974d40b3eead965b0fd2e0b1d55a9b3c0e3bc6e"},
    {file = "grpcio-1.38.0-cp37-cp37m-manylinux2014_i686.whl", hash = "sha256:291dcde4139bc25629de6a743cfcc0ca861e289e3547421ecd2273b51d95b8e1"},
    {file = "grpcio-1.38.0-cp37-cp37m-manylinux2014_x86_64.whl", hash = "sha256:0ab78d4c16d7f3924718711689f5e301aec52cfcf38eb4143bed0f74b7c4fd10"},
    {file = "grpcio-1.38.0-cp37-cp37m-win32.whl", hash = "sha256:10a6c62e0cddd456db91f9f04b53a8cccf67d86d7ca814d989423939099c2723"},
    {file = "grpcio-1.38.0-cp37-cp37m-win_amd64.whl", hash = "sha256:be83ca2d24321c8bf6516b9cd1064da15ac3ff3978c6c502643be114e2a54af2"},
    {file = "grpcio-1.38.0-cp38-cp38-linux_armv7l.whl", hash = "sha256:897bcd54890e6ec6359063affb35e19a61a58ba37bc61c9e8ac6b464b854233e"},
    {file = "grpcio-1.38.0-cp38-cp38-macosx_10_10_x86_64.whl", hash = "sha256:f8dd51b05e7fde843d7a3140b058f02801fbec5784a036d5f6abb374450d4608"},
    {file = "grpcio-1.38.0-cp38-cp38-manylinux2010_i686.whl", hash = "sha256:277faad1d8d462bd1b986f43a47a2c2fe795b2e0de72c9318e11826d921e665a"},
    {file = "grpcio-1.38.0-cp38-cp38-manylinux2010_x86_64.whl", hash = "sha256:a0d7c88b4cf9748147cd6c16e14569a124b683a3eb5d7787f43eb9d48cf86755"},
    {file = "grpcio-1.38.0-cp38-cp38-manylinux2014_aarch64.whl", hash = "sha256:2736b109ec5bd9fcf580bf871b5fd4f136c6ae9728407f344a3c64ad87bb6519"},
    {file = "grpcio-1.38.0-cp38-cp38-manylinux2014_i686.whl", hash = "sha256:cbd2754da81bf5f18454c7808b4afe5b57c6736955a742fb599b32b6353fe99f"},
    {file = "grpcio-1.38.0-cp38-cp38-manylinux2014_x86_64.whl", hash = "sha256:a8f9fcf5623282e4804595166a4ee1401cf4ccfc16fe84bb69e1eb23ffd836ac"},
    {file = "grpcio-1.38.0-cp38-cp38-win32.whl", hash = "sha256:1c11041ecb69d962d49e8a38a35736cdc6fc74230867b5f0ac6138770387a950"},
    {file = "grpcio-1.38.0-cp38-cp38-win_amd64.whl", hash = "sha256:1d212af1008bdbfd4b8a287e17a8e63e14d72ac450475307452f20c1bbb6bae4"},
    {file = "grpcio-1.38.0-cp39-cp39-linux_armv7l.whl", hash = "sha256:8c4f39ad529fb4a33cd6e58d1d860c3b583902208547614b4b5b75fc306f13f6"},
    {file = "grpcio-1.38.0-cp39-cp39-macosx_10_10_x86_64.whl", hash = "sha256:f9b3678920017842a1b576de3524ecf8f6a2bf4b39f86fb25b870693141e0584"},
    {file = "grpcio-1.38.0-cp39-cp39-manylinux2010_i686.whl", hash = "sha256:1e88a8d5d961df958362f61b1b79ad3981a8b051f99224717b09308546298902"},
    {file = "grpcio-1.38.0-cp39-cp39-manylinux2010_x86_64.whl", hash = "sha256:6461d69a8ae20e7abce4c6d9cc2603e9f16f4d6b64865eddd0e664127349c04d"},
    {file = "grpcio-1.38.0-cp39-cp39-manylinux2014_aarch64.whl", hash = "sha256:cd220606259f8aa2403bc0f4a4483bae5e36be879364ca3e256f0304ac44f575"},
    {file = "grpcio-1.38.0-cp39-cp39-manylinux2014_i686.whl", hash = "sha256:25028420d004fe33d64015f5d4d97207c53530acdb493310e217fac76dcd2513"},
    {file = "grpcio-1.38.0-cp39-cp39-manylinux2014_x86_64.whl", hash = "sha256:b86a1b0654804b5f2248d9262c77a9d5f19882481fc21df53eb2823d0875b86d"},
    {file = "grpcio-1.38.0-cp39-cp39-win32.whl", hash = "sha256:752593a275e26ef250dc4d93a6f7917dd9986396b41eabcc114b0e0315ec1bf6"},
    {file = "grpcio-1.38.0-cp39-cp39-win_amd64.whl", hash = "sha256:6824567e2372dde1bd70214427d23b709d09f1a02a552133d1e0f504b616c84e"},
    {file = "grpcio-1.38.0.tar.gz", hash = "sha256:abbf9c8c3df4d5233d5888c6cfa85c1bb68a6923749bd4dd1abc6e1e93986f17"},
]
protobuf = [
    {file = "protobuf-3.17.0-cp27-cp27m-macosx_10_9_x86_64.whl", hash = "sha256:15351df904347da2081a2eebc42b192c29724eb57dbe56dae440be843f1e4779"},
    {file = "protobuf-3.17.0-cp27-cp27mu-manylinux_2_5_x86_64.manylinux1_x86_64.whl", hash = "sha256:5356981c1919782b8c2e3ea5c5d85ad5937b8178a025ac9edc2f2ca5b4a717ae"},
    {file = "protobuf-3.17.0-cp35-cp35m-macosx_10_9_intel.whl", hash = "sha256:eac0a2a7ea99e17175f6e7b53cdc9004ed786c072fbdf933def0e454e14fd323"},
    {file = "protobuf-3.17.0-cp35-cp35m-manylinux_2_5_x86_64.manylinux1_x86_64.whl", hash = "sha256:4c8d0997fdc0a4cf9de7950d598ce6974b22e8618bbcf1d15e9842010cf8420a"},
    {file = "protobuf-3.17.0-cp35-cp35m-win32.whl", hash = "sha256:9ae321459d4890c3939c536382f75e232c9e91ce506310353c8a15ad5c379e0d"},
    {file = "protobuf-3.17.0-cp35-cp35m-win_amd64.whl", hash = "sha256:295944ef0772498d7bf75f6aa5d4dfcfd02f5ce70f735b406e52e43ac3914d38"},
    {file = "protobuf-3.17.0-cp36-cp36m-macosx_10_9_x86_64.whl", hash = "sha256:850f429bd2399525d339d05bc809f090f16d3d88737bed637d355a5ee8d3b81a"},
    {file = "protobuf-3.17.0-cp36-cp36m-manylinux_2_5_x86_64.manylinux1_x86_64.whl", hash = "sha256:809a96d5a1a74538728710f9104f43ae77f5e48bde274ee321b10a324ba52e4f"},
    {file = "protobuf-3.17.0-cp36-cp36m-win32.whl", hash = "sha256:8a3ac375539055164f31a330770f137875307e6f04c21e2647f2e7139c501295"},
    {file = "protobuf-3.17.0-cp36-cp36m-win_amd64.whl", hash = "sha256:3d338910b10b88b18581cf6877b3938b2e262e8fdc2c1057f5a291787de63183"},
    {file = "protobuf-3.17.0-cp37-cp37m-macosx_10_9_x86_64.whl", hash = "sha256:1488f786bd1912f97796cf5def8cacf433735616896cf7ed9dc786cee693dfc8"},
    {file = "protobuf-3.17.0-cp37-cp37m-manylinux2014_aarch64.whl", hash = "sha256:bcaff977db178f0bfde10bab0d23a5f5adf5964adba70c315e45922a1c55eb90"},
    {file = "protobuf-3.17.0-cp37-cp37m-manylinux_2_5_x86_64.manylinux1_x86_64.whl", hash = "sha256:939ce06846ddfec99c0bff510510b3ee45778e7a3aec6544d1f36526e5fecb67"},
    {file = "protobuf-3.17.0-cp37-cp37m-win32.whl", hash = "sha256:3237acce5b666c7b0f45785cc2d0809796d4df3593bd68338aebf25408139188"},
    {file = "protobuf-3.17.0-cp37-cp37m-win_amd64.whl", hash = "sha256:2f77afe33bb86c7d34221a86193256d69aa10818620fe4a7513d98211d67d672"},
    {file = "protobuf-3.17.0-cp38-cp38-macosx_10_9_x86_64.whl", hash = "sha256:acc9f2091ace3de429eee424ab7ba0bc52a6aa9ffc9909e5c4de259a3f71db46"},
    {file = "protobuf-3.17.0-cp38-cp38-manylinux2014_aarch64.whl", hash = "sha256:a29631f4f8bcf79b12a59e83d238d888de5034871461d788c74c68218ad75049"},
    {file = "protobuf-3.17.0-cp38-cp38-manylinux_2_5_x86_64.manylinux1_x86_64.whl", hash = "sha256:05c304396e309661c45e3a97bd2d8da1fc2bab743ed2ca880bcb757271c40c0e"},
    {file = "protobuf-3.17.0-cp39-cp39-macosx_10_9_x86_64.whl", hash = "sha256:baea44967071e6a51e705e4e88aebf35f530a14004cc69f60a185e5d7e13de7e"},
    {file = "protobuf-3.17.0-cp39-cp39-manylinux2014_aarch64.whl", hash = "sha256:3b5c461af5a3cebd796c73370db929b7e24cbaba655eefdc044226bc8a843d6b"},
    {file = "protobuf-3.17.0-cp39-cp39-manylinux_2_5_x86_64.manylinux1_x86_64.whl", hash = "sha256:44399393c3a8cc04a4cfbdc721dd7f2114497efda582e946a91b8c4290ae5ff5"},
    {file = "protobuf-3.17.0-py2.py3-none-any.whl", hash = "sha256:e32ef0c9f4b548c80d94dfff8b4130ca2ff3d50caaf2455889e3f5b8a01e8038"},
    {file = "protobuf-3.17.0.tar.gz", hash = "sha256:05dfe9319939a8473c21b469f34f6486646e54fb8542637cf7ed8e2fbfe21538"},
]
pytz = [
    {file = "pytz-2021.1-py2.py3-none-any.whl", hash = "sha256:eb10ce3e7736052ed3623d49975ce333bcd712c7bb19a58b9e2089d4057d0798"},
    {file = "pytz-2021.1.tar.gz", hash = "sha256:83a4a90894bf38e243cf052c8b58f381bfe9a7a483f6a9cab140bc7f702ac4da"},
]
six = [
    {file = "six-1.16.0-py2.py3-none-any.whl", hash = "sha256:8abb2f1d86890a2dfb989f9a77cfcfd3e47c2a354b01111771326f8aa26e0254"},
    {file = "six-1.16.0.tar.gz", hash = "sha256:1e61c37477a1626458e36f7b1d82aa5c9b094fa4802892072e49de9c60c4c926"},
]
sqlparse = [
    {file = "sqlparse-0.4.1-py3-none-any.whl", hash = "sha256:017cde379adbd6a1f15a61873f43e8274179378e95ef3fede90b5aa64d304ed0"},
    {file = "sqlparse-0.4.1.tar.gz", hash = "sha256:0f91fd2e829c44362cbcfab3e9ae12e22badaa8a29ad5ff599f9ec109f0454e8"},
]
urllib3 = [
    {file = "urllib3-1.26.4-py2.py3-none-any.whl", hash = "sha256:2f4da4594db7e1e110a944bb1b551fdf4e6c136ad42e4234131391e21eb5b0df"},
    {file = "urllib3-1.26.4.tar.gz", hash = "sha256:e7b021f7241115872f92f43c6508082facffbd1c048e3c6e2bb9c2a157e28937"},
]
